
Microsoft Visual Studio Solution File, Format Version 12.00
# Visual Studio Version 17
VisualStudioVersion = 17.14.36414.22
MinimumVisualStudioVersion = 10.0.40219.1
Project("{FAE04EC0-301F-11D3-BF4B-00C04F79EFBC}") = "GucPackageUpdate", "GucPackageUpdate\GucPackageUpdate.csproj", "{75406B72-7090-4F28-8BB3-762771DE1C90}"
EndProject
Project("{FAE04EC0-301F-11D3-BF4B-00C04F79EFBC}") = "libps3", "..\libps3\libps3\libps3.csproj", "{2D2F8769-6E04-4F78-5A93-D8203C82C493}"
EndProject
Project("{FAE04EC0-301F-11D3-BF4B-00C04F79EFBC}") = "Edoke", "..\Edoke\Edoke\Edoke.csproj", "{CC121821-EAAD-A644-3F31-00EF605F8BB4}"
EndProject
Global
	GlobalSection(SolutionConfigurationPlatforms) = preSolution
		Debug|Any CPU = Debug|Any CPU
		Release|Any CPU = Release|Any CPU
	EndGlobalSection
	GlobalSection(ProjectConfigurationPlatforms) = postSolution
		{75406B72-7090-4F28-8BB3-762771DE1C90}.Debug|Any CPU.ActiveCfg = Debug|Any CPU
		{75406B72-7090-4F28-8BB3-762771DE1C90}.Debug|Any CPU.Build.0 = Debug|Any CPU
		{75406B72-7090-4F28-8BB3-762771DE1C90}.Release|Any CPU.ActiveCfg = Release|Any CPU
		{75406B72-7090-4F28-8BB3-762771DE1C90}.Release|Any CPU.Build.0 = Release|Any CPU
		{2D2F8769-6E04-4F78-5A93-D8203C82C493}.Debug|Any CPU.ActiveCfg = Debug|Any CPU
		{2D2F8769-6E04-4F78-5A93-D8203C82C493}.Debug|Any CPU.Build.0 = Debug|Any CPU
		{2D2F8769-6E04-4F78-5A93-D8203C82C493}.Release|Any CPU.ActiveCfg = Release|Any CPU
		{2D2F8769-6E04-4F78-5A93-D8203C82C493}.Release|Any CPU.Build.0 = Release|Any CPU
		{CC121821-EAAD-A644-3F31-00EF605F8BB4}.Debug|Any CPU.ActiveCfg = Debug|Any CPU
		{CC121821-EAAD-A644-3F31-00EF605F8BB4}.Debug|Any CPU.Build.0 = Debug|Any CPU
		{CC121821-EAAD-A644-3F31-00EF605F8BB4}.Release|Any CPU.ActiveCfg = Release|Any CPU
		{CC121821-EAAD-A644-3F31-00EF605F8BB4}.Release|Any CPU.Build.0 = Release|Any CPU
	EndGlobalSection
	GlobalSection(SolutionProperties) = preSolution
		HideSolutionNode = FALSE
	EndGlobalSection
	GlobalSection(ExtensibilityGlobals) = postSolution
		SolutionGuid = {709363CE-B4FA-41A1-B26B-B87690FC2BC3}
	EndGlobalSection
EndGlobal
